
Microsoft Visual Studio Solution File, Format Version 12.00
# Visual Studio Version 16
VisualStudioVersion = 16.0.30011.22
MinimumVisualStudioVersion = 10.0.40219.1
Project("{FAE04EC0-301F-11D3-BF4B-00C04F79EFBC}") = "Xamarinpreparcial2.Android", "Xamarinpreparcial2\Xamarinpreparcial2.Android\Xamarinpreparcial2.Android.csproj", "{1AC078FA-7023-4F2E-AB3B-D794D5C89E41}"
EndProject
Project("{FAE04EC0-301F-11D3-BF4B-00C04F79EFBC}") = "Xamarinpreparcial2.iOS", "Xamarinpreparcial2\Xamarinpreparcial2.iOS\Xamarinpreparcial2.iOS.csproj", "{4653DD07-34DD-4156-9C93-C37A98EF7D29}"
EndProject
Project("{FAE04EC0-301F-11D3-BF4B-00C04F79EFBC}") = "Xamarinpreparcial2", "Xamarinpreparcial2\Xamarinpreparcial2\Xamarinpreparcial2.csproj", "{29028A4B-B3BE-497B-846B-84856089A060}"
EndProject
Global
	GlobalSection(SolutionConfigurationPlatforms) = preSolution
		Debug|Any CPU = Debug|Any CPU
		Debug|iPhone = Debug|iPhone
		Debug|iPhoneSimulator = Debug|iPhoneSimulator
		Release|Any CPU = Release|Any CPU
		Release|iPhone = Release|iPhone
		Release|iPhoneSimulator = Release|iPhoneSimulator
	EndGlobalSection
	GlobalSection(ProjectConfigurationPlatforms) = postSolution
		{1AC078FA-7023-4F2E-AB3B-D794D5C89E41}.Debug|Any CPU.ActiveCfg = Debug|Any CPU
		{1AC078FA-7023-4F2E-AB3B-D794D5C89E41}.Debug|Any CPU.Build.0 = Debug|Any CPU
		{1AC078FA-7023-4F2E-AB3B-D794D5C89E41}.Debug|Any CPU.Deploy.0 = Debug|Any CPU
		{1AC078FA-7023-4F2E-AB3B-D794D5C89E41}.Debug|iPhone.ActiveCfg = Debug|Any CPU
		{1AC078FA-7023-4F2E-AB3B-D794D5C89E41}.Debug|iPhone.Build.0 = Debug|Any CPU
		{1AC078FA-7023-4F2E-AB3B-D794D5C89E41}.Debug|iPhone.Deploy.0 = Debug|Any CPU
		{1AC078FA-7023-4F2E-AB3B-D794D5C89E41}.Debug|iPhoneSimulator.ActiveCfg = Debug|Any CPU
		{1AC078FA-7023-4F2E-AB3B-D794D5C89E41}.Debug|iPhoneSimulator.Build.0 = Debug|Any CPU
		{1AC078FA-7023-4F2E-AB3B-D794D5C89E41}.Debug|iPhoneSimulator.Deploy.0 = Debug|Any CPU
		{1AC078FA-7023-4F2E-AB3B-D794D5C89E41}.Release|Any CPU.ActiveCfg = Release|Any CPU
		{1AC078FA-7023-4F2E-AB3B-D794D5C89E41}.Release|Any CPU.Build.0 = Release|Any CPU
		{1AC078FA-7023-4F2E-AB3B-D794D5C89E41}.Release|Any CPU.Deploy.0 = Release|Any CPU
		{1AC078FA-7023-4F2E-AB3B-D794D5C89E41}.Release|iPhone.ActiveCfg = Release|Any CPU
		{1AC078FA-7023-4F2E-AB3B-D794D5C89E41}.Release|iPhone.Build.0 = Release|Any CPU
		{1AC078FA-7023-4F2E-AB3B-D794D5C89E41}.Release|iPhone.Deploy.0 = Release|Any CPU
		{1AC078FA-7023-4F2E-AB3B-D794D5C89E41}.Release|iPhoneSimulator.ActiveCfg = Release|Any CPU
		{1AC078FA-7023-4F2E-AB3B-D794D5C89E41}.Release|iPhoneSimulator.Build.0 = Release|Any CPU
		{1AC078FA-7023-4F2E-AB3B-D794D5C89E41}.Release|iPhoneSimulator.Deploy.0 = Release|Any CPU
		{4653DD07-34DD-4156-9C93-C37A98EF7D29}.Debug|Any CPU.ActiveCfg = Debug|iPhone
		{4653DD07-34DD-4156-9C93-C37A98EF7D29}.Debug|Any CPU.Build.0 = Debug|iPhone
		{4653DD07-34DD-4156-9C93-C37A98EF7D29}.Debug|Any CPU.Deploy.0 = Debug|iPhone
		{4653DD07-34DD-4156-9C93-C37A98EF7D29}.Debug|iPhone.ActiveCfg = Debug|iPhone
		{4653DD07-34DD-4156-9C93-C37A98EF7D29}.Debug|iPhone.Build.0 = Debug|iPhone
		{4653DD07-34DD-4156-9C93-C37A98EF7D29}.Debug|iPhone.Deploy.0 = Debug|iPhone
		{4653DD07-34DD-4156-9C93-C37A98EF7D29}.Debug|iPhoneSimulator.ActiveCfg = Debug|iPhoneSimulator
		{4653DD07-34DD-4156-9C93-C37A98EF7D29}.Debug|iPhoneSimulator.Build.0 = Debug|iPhoneSimulator
		{4653DD07-34DD-4156-9C93-C37A98EF7D29}.Debug|iPhoneSimulator.Deploy.0 = Debug|iPhoneSimulator
		{4653DD07-34DD-4156-9C93-C37A98EF7D29}.Release|Any CPU.ActiveCfg = Release|iPhone
		{4653DD07-34DD-4156-9C93-C37A98EF7D29}.Release|Any CPU.Build.0 = Release|iPhone
		{4653DD07-34DD-4156-9C93-C37A98EF7D29}.Release|Any CPU.Deploy.0 = Release|iPhone
		{4653DD07-34DD-4156-9C93-C37A98EF7D29}.Release|iPhone.ActiveCfg = Release|iPhone
		{4653DD07-34DD-4156-9C93-C37A98EF7D29}.Release|iPhone.Build.0 = Release|iPhone
		{4653DD07-34DD-4156-9C93-C37A98EF7D29}.Release|iPhone.Deploy.0 = Release|iPhone
		{4653DD07-34DD-4156-9C93-C37A98EF7D29}.Release|iPhoneSimulator.ActiveCfg = Release|iPhoneSimulator
		{4653DD07-34DD-4156-9C93-C37A98EF7D29}.Release|iPhoneSimulator.Build.0 = Release|iPhoneSimulator
		{4653DD07-34DD-4156-9C93-C37A98EF7D29}.Release|iPhoneSimulator.Deploy.0 = Release|iPhoneSimulator
		{29028A4B-B3BE-497B-846B-84856089A060}.Debug|Any CPU.ActiveCfg = Debug|Any CPU
		{29028A4B-B3BE-497B-846B-84856089A060}.Debug|Any CPU.Build.0 = Debug|Any CPU
		{29028A4B-B3BE-497B-846B-84856089A060}.Debug|Any CPU.Deploy.0 = Debug|Any CPU
		{29028A4B-B3BE-497B-846B-84856089A060}.Debug|iPhone.ActiveCfg = Debug|Any CPU
		{29028A4B-B3BE-497B-846B-84856089A060}.Debug|iPhone.Build.0 = Debug|Any CPU
		{29028A4B-B3BE-497B-846B-84856089A060}.Debug|iPhone.Deploy.0 = Debug|Any CPU
		{29028A4B-B3BE-497B-846B-84856089A060}.Debug|iPhoneSimulator.ActiveCfg = Debug|Any CPU
		{29028A4B-B3BE-497B-846B-84856089A060}.Debug|iPhoneSimulator.Build.0 = Debug|Any CPU
		{29028A4B-B3BE-497B-846B-84856089A060}.Debug|iPhoneSimulator.Deploy.0 = Debug|Any CPU
		{29028A4B-B3BE-497B-846B-84856089A060}.Release|Any CPU.ActiveCfg = Release|Any CPU
		{29028A4B-B3BE-497B-846B-84856089A060}.Release|Any CPU.Build.0 = Release|Any CPU
		{29028A4B-B3BE-497B-846B-84856089A060}.Release|Any CPU.Deploy.0 = Release|Any CPU
		{29028A4B-B3BE-497B-846B-84856089A060}.Release|iPhone.ActiveCfg = Release|Any CPU
		{29028A4B-B3BE-497B-846B-84856089A060}.Release|iPhone.Build.0 = Release|Any CPU
		{29028A4B-B3BE-497B-846B-84856089A060}.Release|iPhone.Deploy.0 = Release|Any CPU
		{29028A4B-B3BE-497B-846B-84856089A060}.Release|iPhoneSimulator.ActiveCfg = Release|Any CPU
		{29028A4B-B3BE-497B-846B-84856089A060}.Release|iPhoneSimulator.Build.0 = Release|Any CPU
		{29028A4B-B3BE-497B-846B-84856089A060}.Release|iPhoneSimulator.Deploy.0 = Release|Any CPU
	EndGlobalSection
	GlobalSection(SolutionProperties) = preSolution
		HideSolutionNode = FALSE
	EndGlobalSection
	GlobalSection(ExtensibilityGlobals) = postSolution
		SolutionGuid = {0FF3E538-442E-4B7A-A6D3-2E961DAAF430}
	EndGlobalSection
EndGlobal
